
Microsoft Visual Studio Solution File, Format Version 12.00
# Visual Studio Version 16
VisualStudioVersion = 16.0.30114.105
MinimumVisualStudioVersion = 10.0.40219.1
Project("{FAE04EC0-301F-11D3-BF4B-00C04F79EFBC}") = "Calculadora.Class", "Calculadora.Core\Calculadora.Class.csproj", "{3D90C7EC-F7E0-4127-8923-58A12C2EDC28}"
EndProject
Project("{FAE04EC0-301F-11D3-BF4B-00C04F79EFBC}") = "Calculadora.Core.Tests", "Calculadora.Core.Tests\Calculadora.Core.Tests.csproj", "{91159164-5F1D-4287-BDCA-3D522E34A3BE}"
EndProject
Global
	GlobalSection(SolutionConfigurationPlatforms) = preSolution
		Debug|Any CPU = Debug|Any CPU
		Debug|x64 = Debug|x64
		Debug|x86 = Debug|x86
		Release|Any CPU = Release|Any CPU
		Release|x64 = Release|x64
		Release|x86 = Release|x86
	EndGlobalSection
	GlobalSection(SolutionProperties) = preSolution
		HideSolutionNode = FALSE
	EndGlobalSection
	GlobalSection(ProjectConfigurationPlatforms) = postSolution
		{3D90C7EC-F7E0-4127-8923-58A12C2EDC28}.Debug|Any CPU.ActiveCfg = Debug|Any CPU
		{3D90C7EC-F7E0-4127-8923-58A12C2EDC28}.Debug|Any CPU.Build.0 = Debug|Any CPU
		{3D90C7EC-F7E0-4127-8923-58A12C2EDC28}.Debug|x64.ActiveCfg = Debug|Any CPU
		{3D90C7EC-F7E0-4127-8923-58A12C2EDC28}.Debug|x64.Build.0 = Debug|Any CPU
		{3D90C7EC-F7E0-4127-8923-58A12C2EDC28}.Debug|x86.ActiveCfg = Debug|Any CPU
		{3D90C7EC-F7E0-4127-8923-58A12C2EDC28}.Debug|x86.Build.0 = Debug|Any CPU
		{3D90C7EC-F7E0-4127-8923-58A12C2EDC28}.Release|Any CPU.ActiveCfg = Release|Any CPU
		{3D90C7EC-F7E0-4127-8923-58A12C2EDC28}.Release|Any CPU.Build.0 = Release|Any CPU
		{3D90C7EC-F7E0-4127-8923-58A12C2EDC28}.Release|x64.ActiveCfg = Release|Any CPU
		{3D90C7EC-F7E0-4127-8923-58A12C2EDC28}.Release|x64.Build.0 = Release|Any CPU
		{3D90C7EC-F7E0-4127-8923-58A12C2EDC28}.Release|x86.ActiveCfg = Release|Any CPU
		{3D90C7EC-F7E0-4127-8923-58A12C2EDC28}.Release|x86.Build.0 = Release|Any CPU
		{91159164-5F1D-4287-BDCA-3D522E34A3BE}.Debug|Any CPU.ActiveCfg = Debug|Any CPU
		{91159164-5F1D-4287-BDCA-3D522E34A3BE}.Debug|Any CPU.Build.0 = Debug|Any CPU
		{91159164-5F1D-4287-BDCA-3D522E34A3BE}.Debug|x64.ActiveCfg = Debug|Any CPU
		{91159164-5F1D-4287-BDCA-3D522E34A3BE}.Debug|x64.Build.0 = Debug|Any CPU
		{91159164-5F1D-4287-BDCA-3D522E34A3BE}.Debug|x86.ActiveCfg = Debug|Any CPU
		{91159164-5F1D-4287-BDCA-3D522E34A3BE}.Debug|x86.Build.0 = Debug|Any CPU
		{91159164-5F1D-4287-BDCA-3D522E34A3BE}.Release|Any CPU.ActiveCfg = Release|Any CPU
		{91159164-5F1D-4287-BDCA-3D522E34A3BE}.Release|Any CPU.Build.0 = Release|Any CPU
		{91159164-5F1D-4287-BDCA-3D522E34A3BE}.Release|x64.ActiveCfg = Release|Any CPU
		{91159164-5F1D-4287-BDCA-3D522E34A3BE}.Release|x64.Build.0 = Release|Any CPU
		{91159164-5F1D-4287-BDCA-3D522E34A3BE}.Release|x86.ActiveCfg = Release|Any CPU
		{91159164-5F1D-4287-BDCA-3D522E34A3BE}.Release|x86.Build.0 = Release|Any CPU
	EndGlobalSection
EndGlobal
